
Microsoft Visual Studio Solution File, Format Version 12.00
# Visual Studio Version 17
VisualStudioVersion = 17.9.34616.47
MinimumVisualStudioVersion = 10.0.40219.1
Project("{FAE04EC0-301F-11D3-BF4B-00C04F79EFBC}") = "Emlak_Dapper_Api", "Emlak_Dapper_Api\Emlak_Dapper_Api.csproj", "{8AB72D03-4BAB-4233-96A2-A2B4DEF11223}"
EndProject
Project("{FAE04EC0-301F-11D3-BF4B-00C04F79EFBC}") = "Emlak_Dapper_UI", "Emlak_Dapper_UI\Emlak_Dapper_UI.csproj", "{6E9CA2C1-8994-4936-B6F9-BC776FD6088E}"
EndProject
Global
	GlobalSection(SolutionConfigurationPlatforms) = preSolution
		Debug|Any CPU = Debug|Any CPU
		Release|Any CPU = Release|Any CPU
	EndGlobalSection
	GlobalSection(ProjectConfigurationPlatforms) = postSolution
		{8AB72D03-4BAB-4233-96A2-A2B4DEF11223}.Debug|Any CPU.ActiveCfg = Debug|Any CPU
		{8AB72D03-4BAB-4233-96A2-A2B4DEF11223}.Debug|Any CPU.Build.0 = Debug|Any CPU
		{8AB72D03-4BAB-4233-96A2-A2B4DEF11223}.Release|Any CPU.ActiveCfg = Release|Any CPU
		{8AB72D03-4BAB-4233-96A2-A2B4DEF11223}.Release|Any CPU.Build.0 = Release|Any CPU
		{6E9CA2C1-8994-4936-B6F9-BC776FD6088E}.Debug|Any CPU.ActiveCfg = Debug|Any CPU
		{6E9CA2C1-8994-4936-B6F9-BC776FD6088E}.Debug|Any CPU.Build.0 = Debug|Any CPU
		{6E9CA2C1-8994-4936-B6F9-BC776FD6088E}.Release|Any CPU.ActiveCfg = Release|Any CPU
		{6E9CA2C1-8994-4936-B6F9-BC776FD6088E}.Release|Any CPU.Build.0 = Release|Any CPU
	EndGlobalSection
	GlobalSection(SolutionProperties) = preSolution
		HideSolutionNode = FALSE
	EndGlobalSection
	GlobalSection(ExtensibilityGlobals) = postSolution
		SolutionGuid = {32E090A7-F97E-4A93-8C7F-BEF2C1F763A3}
	EndGlobalSection
EndGlobal
